
Microsoft Visual Studio Solution File, Format Version 12.00
# Visual Studio Version 17
VisualStudioVersion = 17.12.35527.113 d17.12
MinimumVisualStudioVersion = 10.0.40219.1
Project("{FAE04EC0-301F-11D3-BF4B-00C04F79EFBC}") = "OOP_lab3_2", "OOP_lab3_2.csproj", "{F96F854B-317F-482C-86DB-3A4C8B18AB6C}"
EndProject
Global
	GlobalSection(SolutionConfigurationPlatforms) = preSolution
		Debug|Any CPU = Debug|Any CPU
		Release|Any CPU = Release|Any CPU
	EndGlobalSection
	GlobalSection(ProjectConfigurationPlatforms) = postSolution
		{F96F854B-317F-482C-86DB-3A4C8B18AB6C}.Debug|Any CPU.ActiveCfg = Debug|Any CPU
		{F96F854B-317F-482C-86DB-3A4C8B18AB6C}.Debug|Any CPU.Build.0 = Debug|Any CPU
		{F96F854B-317F-482C-86DB-3A4C8B18AB6C}.Release|Any CPU.ActiveCfg = Release|Any CPU
		{F96F854B-317F-482C-86DB-3A4C8B18AB6C}.Release|Any CPU.Build.0 = Release|Any CPU
	EndGlobalSection
	GlobalSection(SolutionProperties) = preSolution
		HideSolutionNode = FALSE
	EndGlobalSection
EndGlobal
